// !$*UTF8*$!
{
	archiveVersion = 1;
	classes = {
	};
	objectVersion = 50;
	objects = {

/* Begin PBXBuildFile section */
		C9468AD924F3E2A40007EEF0 /* AppDelegate.swift in Sources */ = {isa = PBXBuildFile; fileRef = C9468AD824F3E2A40007EEF0 /* AppDelegate.swift */; };
		C9468ADB24F3E2A40007EEF0 /* SceneDelegate.swift in Sources */ = {isa = PBXBuildFile; fileRef = C9468ADA24F3E2A40007EEF0 /* SceneDelegate.swift */; };
		C9468ADD24F3E2A40007EEF0 /* ViewController.swift in Sources */ = {isa = PBXBuildFile; fileRef = C9468ADC24F3E2A40007EEF0 /* ViewController.swift */; };
		C9468AE024F3E2A40007EEF0 /* Main.storyboard in Resources */ = {isa = PBXBuildFile; fileRef = C9468ADE24F3E2A40007EEF0 /* Main.storyboard */; };
		C9468AE224F3E2A60007EEF0 /* Assets.xcassets in Resources */ = {isa = PBXBuildFile; fileRef = C9468AE124F3E2A60007EEF0 /* Assets.xcassets */; };
		C9468AE524F3E2A60007EEF0 /* LaunchScreen.storyboard in Resources */ = {isa = PBXBuildFile; fileRef = C9468AE324F3E2A60007EEF0 /* LaunchScreen.storyboard */; };
/* End PBXBuildFile section */

/* Begin PBXFileReference section */
		C9468AD524F3E2A40007EEF0 /* AprendiendoTablas.app */ = {isa = PBXFileReference; explicitFileType = wrapper.application; includeInIndex = 0; path = AprendiendoTablas.app; sourceTree = BUILT_PRODUCTS_DIR; };
		C9468AD824F3E2A40007EEF0 /* AppDelegate.swift */ = {isa = PBXFileReference; lastKnownFileType = sourcecode.swift; path = AppDelegate.swift; sourceTree = "<group>"; };
		C9468ADA24F3E2A40007EEF0 /* SceneDelegate.swift */ = {isa = PBXFileReference; lastKnownFileType = sourcecode.swift; path = SceneDelegate.swift; sourceTree = "<group>"; };
		C9468ADC24F3E2A40007EEF0 /* ViewController.swift */ = {isa = PBXFileReference; lastKnownFileType = sourcecode.swift; path = ViewController.swift; sourceTree = "<group>"; };
		C9468ADF24F3E2A40007EEF0 /* Base */ = {isa = PBXFileReference; lastKnownFileType = file.storyboard; name = Base; path = Base.lproj/Main.storyboard; sourceTree = "<group>"; };
		C9468AE124F3E2A60007EEF0 /* Assets.xcassets */ = {isa = PBXFileReference; lastKnownFileType = folder.assetcatalog; path = Assets.xcassets; sourceTree = "<group>"; };
		C9468AE424F3E2A60007EEF0 /* Base */ = {isa = PBXFileReference; lastKnownFileType = file.storyboard; name = Base; path = Base.lproj/LaunchScreen.storyboard; sourceTree = "<group>"; };
		C9468AE624F3E2A60007EEF0 /* Info.plist */ = {isa = PBXFileReference; lastKnownFileType = text.plist.xml; path = Info.plist; sourceTree = "<group>"; };
/* End PBXFileReference section */

/* Begin PBXFrameworksBuildPhase section */
		C9468AD224F3E2A40007EEF0 /* Frameworks */ = {
			isa = PBXFrameworksBuildPhase;
			buildActionMask = 2147483647;
			files = (
			);
			runOnlyForDeploymentPostprocessing = 0;
		};
/* End PBXFrameworksBuildPhase section */

/* Begin PBXGroup section */
		C9468ACC24F3E2A40007EEF0 = {
			isa = PBXGroup;
			children = (
				C9468AD724F3E2A40007EEF0 /* AprendiendoTablas */,
				C9468AD624F3E2A40007EEF0 /* Products */,
			);
			sourceTree = "<group>";
		};
		C9468AD624F3E2A40007EEF0 /* Products */ = {
			isa = PBXGroup;
			children = (
				C9468AD524F3E2A40007EEF0 /* AprendiendoTablas.app */,
			);
			name = Products;
			sourceTree = "<group>";
		};
		C9468AD724F3E2A40007EEF0 /* AprendiendoTablas */ = {
			isa = PBXGroup;
			children = (
				C9468AD824F3E2A40007EEF0 /* AppDelegate.swift */,
				C9468ADA24F3E2A40007EEF0 /* SceneDelegate.swift */,
				C9468ADC24F3E2A40007EEF0 /* ViewController.swift */,
				C9468ADE24F3E2A40007EEF0 /* Main.storyboard */,
				C9468AE124F3E2A60007EEF0 /* Assets.xcassets */,
				C9468AE324F3E2A60007EEF0 /* LaunchScreen.storyboard */,
				C9468AE624F3E2A60007EEF0 /* Info.plist */,
			);
			path = AprendiendoTablas;
			sourceTree = "<group>";
		};
/* End PBXGroup section */

/* Begin PBXNativeTarget section */
		C9468AD424F3E2A40007EEF0 /* AprendiendoTablas */ = {
			isa = PBXNativeTarget;
			buildConfigurationList = C9468AE924F3E2A60007EEF0 /* Build configuration list for PBXNativeTarget "AprendiendoTablas" */;
			buildPhases = (
				C9468AD124F3E2A40007EEF0 /* Sources */,
				C9468AD224F3E2A40007EEF0 /* Frameworks */,
				C9468AD324F3E2A40007EEF0 /* Resources */,
			);
			buildRules = (
			);
			dependencies = (
			);
			name = AprendiendoTablas;
			productName = AprendiendoTablas;
			productReference = C9468AD524F3E2A40007EEF0 /* AprendiendoTablas.app */;
			productType = "com.apple.product-type.application";
		};
/* End PBXNativeTarget section */

/* Begin PBXProject section */
		C9468ACD24F3E2A40007EEF0 /* Project object */ = {
			isa = PBXProject;
			attributes = {
				LastSwiftUpdateCheck = 1160;
				LastUpgradeCheck = 1160;
				ORGANIZATIONNAME = avilamisc;
				TargetAttributes = {
					C9468AD424F3E2A40007EEF0 = {
						CreatedOnToolsVersion = 11.6;
					};
				};
			};
			buildConfigurationList = C9468AD024F3E2A40007EEF0 /* Build configuration list for PBXProject "AprendiendoTablas" */;
			compatibilityVersion = "Xcode 9.3";
			developmentRegion = en;
			hasScannedForEncodings = 0;
			knownRegions = (
				en,
				Base,
			);
			mainGroup = C9468ACC24F3E2A40007EEF0;
			productRefGroup = C9468AD624F3E2A40007EEF0 /* Products */;
			projectDirPath = "";
			projectRoot = "";
			targets = (
				C9468AD424F3E2A40007EEF0 /* AprendiendoTablas */,
			);
		};
/* End PBXProject section */

/* Begin PBXResourcesBuildPhase section */
		C9468AD324F3E2A40007EEF0 /* Resources */ = {
			isa = PBXResourcesBuildPhase;
			buildActionMask = 2147483647;
			files = (
				C9468AE524F3E2A60007EEF0 /* LaunchScreen.storyboard in Resources */,
				C9468AE224F3E2A60007EEF0 /* Assets.xcassets in Resources */,
				C9468AE024F3E2A40007EEF0 /* Main.storyboard in Resources */,
			);
			runOnlyForDeploymentPostprocessing = 0;
		};
/* End PBXResourcesBuildPhase section */

/* Begin PBXSourcesBuildPhase section */
		C9468AD124F3E2A40007EEF0 /* Sources */ = {
			isa = PBXSourcesBuildPhase;
			buildActionMask = 2147483647;
			files = (
				C9468ADD24F3E2A40007EEF0 /* ViewController.swift in Sources */,
				C9468AD924F3E2A40007EEF0 /* AppDelegate.swift in Sources */,
				C9468ADB24F3E2A40007EEF0 /* SceneDelegate.swift in Sources */,
			);
			runOnlyForDeploymentPostprocessing = 0;
		};
/* End PBXSourcesBuildPhase section */

/* Begin PBXVariantGroup section */
		C9468ADE24F3E2A40007EEF0 /* Main.storyboard */ = {
			isa = PBXVariantGroup;
			children = (
				C9468ADF24F3E2A40007EEF0 /* Base */,
			);
			name = Main.storyboard;
			sourceTree = "<group>";
		};
		C9468AE324F3E2A60007EEF0 /* LaunchScreen.storyboard */ = {
			isa = PBXVariantGroup;
			children = (
				C9468AE424F3E2A60007EEF0 /* Base */,
			);
			name = LaunchScreen.storyboard;
			sourceTree = "<group>";
		};
/* End PBXVariantGroup section */

/* Begin XCBuildConfiguration section */
		C9468AE724F3E2A60007EEF0 /* Debug */ = {
			isa = XCBuildConfiguration;
			buildSettings = {
				ALWAYS_SEARCH_USER_PATHS = NO;
				CLANG_ANALYZER_NONNULL = YES;
				CLANG_ANALYZER_NUMBER_OBJECT_CONVERSION = YES_AGGRESSIVE;
				CLANG_CXX_LANGUAGE_STANDARD = "gnu++14";
				CLANG_CXX_LIBRARY = "libc++";
				CLANG_ENABLE_MODULES = YES;
				CLANG_ENABLE_OBJC_ARC = YES;
				CLANG_ENABLE_OBJC_WEAK = YES;
				CLANG_WARN_BLOCK_CAPTURE_AUTORELEASING = YES;
				CLANG_WARN_BOOL_CONVERSION = YES;
				CLANG_WARN_COMMA = YES;
				CLANG_WARN_CONSTANT_CONVERSION = YES;
				CLANG_WARN_DEPRECATED_OBJC_IMPLEMENTATIONS = YES;
				CLANG_WARN_DIRECT_OBJC_ISA_USAGE = YES_ERROR;
				CLANG_WARN_DOCUMENTATION_COMMENTS = YES;
				CLANG_WARN_EMPTY_BODY = YES;
				CLANG_WARN_ENUM_CONVERSION = YES;
				CLANG_WARN_INFINITE_RECURSION = YES;
				CLANG_WARN_INT_CONVERSION = YES;
				CLANG_WARN_NON_LITERAL_NULL_CONVERSION = YES;
				CLANG_WARN_OBJC_IMPLICIT_RETAIN_SELF = YES;
				CLANG_WARN_OBJC_LITERAL_CONVERSION = YES;
				CLANG_WARN_OBJC_ROOT_CLASS = YES_ERROR;
				CLANG_WARN_RANGE_LOOP_ANALYSIS = YES;
				CLANG_WARN_STRICT_PROTOTYPES = YES;
				CLANG_WARN_SUSPICIOUS_MOVE = YES;
				CLANG_WARN_UNGUARDED_AVAILABILITY = YES_AGGRESSIVE;
				CLANG_WARN_UNREACHABLE_CODE = YES;
				CLANG_WARN__DUPLICATE_METHOD_MATCH = YES;
				COPY_PHASE_STRIP = NO;
				DEBUG_INFORMATION_FORMAT = dwarf;
				ENABLE_STRICT_OBJC_MSGSEND = YES;
				ENABLE_TESTABILITY = YES;
				GCC_C_LANGUAGE_STANDARD = gnu11;
				GCC_DYNAMIC_NO_PIC = NO;
				GCC_NO_COMMON_BLOCKS = YES;
				GCC_OPTIMIZATION_LEVEL = 0;
				GCC_PREPROCESSOR_DEFINITIONS = (
					"DEBUG=1",
					"$(inherited)",
				);
				GCC_WARN_64_TO_32_BIT_CONVERSION = YES;
				GCC_WARN_ABOUT_RETURN_TYPE = YES_ERROR;
				GCC_WARN_UNDECLARED_SELECTOR = YES;
				GCC_WARN_UNINITIALIZED_AUTOS = YES_AGGRESSIVE;
				GCC_WARN_UNUSED_FUNCTION = YES;
				GCC_WARN_UNUSED_VARIABLE = YES;
				IPHONEOS_DEPLOYMENT_TARGET = 13.6;
				MTL_ENABLE_DEBUG_INFO = INCLUDE_SOURCE;
				MTL_FAST_MATH = YES;
				ONLY_ACTIVE_ARCH = YES;
				SDKROOT = iphoneos;
				SWIFT_ACTIVE_COMPILATION_CONDITIONS = DEBUG;
				SWIFT_OPTIMIZATION_LEVEL = "-Onone";
			};
			name = Debug;
		};
		C9468AE824F3E2A60007EEF0 /* Release */ = {
			isa = XCBuildConfiguration;
			buildSettings = {
				ALWAYS_SEARCH_USER_PATHS = NO;
				CLANG_ANALYZER_NONNULL = YES;
				CLANG_ANALYZER_NUMBER_OBJECT_CONVERSION = YES_AGGRESSIVE;
				CLANG_CXX_LANGUAGE_STANDARD = "gnu++14";
				CLANG_CXX_LIBRARY = "libc++";
				CLANG_ENABLE_MODULES = YES;
				CLANG_ENABLE_OBJC_ARC = YES;
				CLANG_ENABLE_OBJC_WEAK = YES;
				CLANG_WARN_BLOCK_CAPTURE_AUTORELEASING = YES;
				CLANG_WARN_BOOL_CONVERSION = YES;
				CLANG_WARN_COMMA = YES;
				CLANG_WARN_CONSTANT_CONVERSION = YES;
				CLANG_WARN_DEPRECATED_OBJC_IMPLEMENTATIONS = YES;
				CLANG_WARN_DIRECT_OBJC_ISA_USAGE = YES_ERROR;
				CLANG_WARN_DOCUMENTATION_COMMENTS = YES;
				CLANG_WARN_EMPTY_BODY = YES;
				CLANG_WARN_ENUM_CONVERSION = YES;
				CLANG_WARN_INFINITE_RECURSION = YES;
				CLANG_WARN_INT_CONVERSION = YES;
				CLANG_WARN_NON_LITERAL_NULL_CONVERSION = YES;
				CLANG_WARN_OBJC_IMPLICIT_RETAIN_SELF = YES;
				CLANG_WARN_OBJC_LITERAL_CONVERSION = YES;
				CLANG_WARN_OBJC_ROOT_CLASS = YES_ERROR;
				CLANG_WARN_RANGE_LOOP_ANALYSIS = YES;
				CLANG_WARN_STRICT_PROTOTYPES = YES;
				CLANG_WARN_SUSPICIOUS_MOVE = YES;
				CLANG_WARN_UNGUARDED_AVAILABILITY = YES_AGGRESSIVE;
				CLANG_WARN_UNREACHABLE_CODE = YES;
				CLANG_WARN__DUPLICATE_METHOD_MATCH = YES;
				COPY_PHASE_STRIP = NO;
				DEBUG_INFORMATION_FORMAT = "dwarf-with-dsym";
				ENABLE_NS_ASSERTIONS = NO;
				ENABLE_STRICT_OBJC_MSGSEND = YES;
				GCC_C_LANGUAGE_STANDARD = gnu11;
				GCC_NO_COMMON_BLOCKS = YES;
				GCC_WARN_64_TO_32_BIT_CONVERSION = YES;
				GCC_WARN_ABOUT_RETURN_TYPE = YES_ERROR;
				GCC_WARN_UNDECLARED_SELECTOR = YES;
				GCC_WARN_UNINITIALIZED_AUTOS = YES_AGGRESSIVE;
				GCC_WARN_UNUSED_FUNCTION = YES;
				GCC_WARN_UNUSED_VARIABLE = YES;
				IPHONEOS_DEPLOYMENT_TARGET = 13.6;
				MTL_ENABLE_DEBUG_INFO = NO;
				MTL_FAST_MATH = YES;
				SDKROOT = iphoneos;
				SWIFT_COMPILATION_MODE = wholemodule;
				SWIFT_OPTIMIZATION_LEVEL = "-O";
				VALIDATE_PRODUCT = YES;
			};
			name = Release;
		};
		C9468AEA24F3E2A60007EEF0 /* Debug */ = {
			isa = XCBuildConfiguration;
			buildSettings = {
				ASSETCATALOG_COMPILER_APPICON_NAME = AppIcon;
				CODE_SIGN_STYLE = Automatic;
				INFOPLIST_FILE = AprendiendoTablas/Info.plist;
				LD_RUNPATH_SEARCH_PATHS = (
					"$(inherited)",
					"@executable_path/Frameworks",
				);
				PRODUCT_BUNDLE_IDENTIFIER = avilamisc.platzi.AprendiendoTablas;
				PRODUCT_NAME = "$(TARGET_NAME)";
				SWIFT_VERSION = 5.0;
				TARGETED_DEVICE_FAMILY = "1,2";
			};
			name = Debug;
		};
		C9468AEB24F3E2A60007EEF0 /* Release */ = {
			isa = XCBuildConfiguration;
			buildSettings = {
				ASSETCATALOG_COMPILER_APPICON_NAME = AppIcon;
				CODE_SIGN_STYLE = Automatic;
				INFOPLIST_FILE = AprendiendoTablas/Info.plist;
				LD_RUNPATH_SEARCH_PATHS = (
					"$(inherited)",
					"@executable_path/Frameworks",
				);
				PRODUCT_BUNDLE_IDENTIFIER = avilamisc.platzi.AprendiendoTablas;
				PRODUCT_NAME = "$(TARGET_NAME)";
				SWIFT_VERSION = 5.0;
				TARGETED_DEVICE_FAMILY = "1,2";
			};
			name = Release;
		};
/* End XCBuildConfiguration section */

/* Begin XCConfigurationList section */
		C9468AD024F3E2A40007EEF0 /* Build configuration list for PBXProject "AprendiendoTablas" */ = {
			isa = XCConfigurationList;
			buildConfigurations = (
				C9468AE724F3E2A60007EEF0 /* Debug */,
				C9468AE824F3E2A60007EEF0 /* Release */,
			);
			defaultConfigurationIsVisible = 0;
			defaultConfigurationName = Release;
		};
		C9468AE924F3E2A60007EEF0 /* Build configuration list for PBXNativeTarget "AprendiendoTablas" */ = {
			isa = XCConfigurationList;
			buildConfigurations = (
				C9468AEA24F3E2A60007EEF0 /* Debug */,
				C9468AEB24F3E2A60007EEF0 /* Release */,
			);
			defaultConfigurationIsVisible = 0;
			defaultConfigurationName = Release;
		};
/* End XCConfigurationList section */
	};
	rootObject = C9468ACD24F3E2A40007EEF0 /* Project object */;
}
